
Microsoft Visual Studio Solution File, Format Version 12.00
# Visual Studio Version 17
VisualStudioVersion = 17.8.34316.72
MinimumVisualStudioVersion = 10.0.40219.1
Project("{FAE04EC0-301F-11D3-BF4B-00C04F79EFBC}") = "Presentation", "Presentation\Presentation.csproj", "{6CCB7FBE-2BB9-4732-9D15-E2EC72199BC8}"
EndProject
Project("{FAE04EC0-301F-11D3-BF4B-00C04F79EFBC}") = "Business", "Business\Business.csproj", "{C34763D1-DF35-4B6D-8CA0-9A6D9E352308}"
EndProject
Project("{FAE04EC0-301F-11D3-BF4B-00C04F79EFBC}") = "Common", "Common\Common.csproj", "{DAD7599D-8374-4BE5-96C2-D4ACB2817878}"
EndProject
Project("{FAE04EC0-301F-11D3-BF4B-00C04F79EFBC}") = "DataAccess", "DataAccess\DataAccess.csproj", "{DBEDDA13-AEAA-48F8-821D-BAB9F9387844}"
EndProject
Global
	GlobalSection(SolutionConfigurationPlatforms) = preSolution
		Debug|Any CPU = Debug|Any CPU
		Release|Any CPU = Release|Any CPU
	EndGlobalSection
	GlobalSection(ProjectConfigurationPlatforms) = postSolution
		{6CCB7FBE-2BB9-4732-9D15-E2EC72199BC8}.Debug|Any CPU.ActiveCfg = Debug|Any CPU
		{6CCB7FBE-2BB9-4732-9D15-E2EC72199BC8}.Debug|Any CPU.Build.0 = Debug|Any CPU
		{6CCB7FBE-2BB9-4732-9D15-E2EC72199BC8}.Release|Any CPU.ActiveCfg = Release|Any CPU
		{6CCB7FBE-2BB9-4732-9D15-E2EC72199BC8}.Release|Any CPU.Build.0 = Release|Any CPU
		{C34763D1-DF35-4B6D-8CA0-9A6D9E352308}.Debug|Any CPU.ActiveCfg = Debug|Any CPU
		{C34763D1-DF35-4B6D-8CA0-9A6D9E352308}.Debug|Any CPU.Build.0 = Debug|Any CPU
		{C34763D1-DF35-4B6D-8CA0-9A6D9E352308}.Release|Any CPU.ActiveCfg = Release|Any CPU
		{C34763D1-DF35-4B6D-8CA0-9A6D9E352308}.Release|Any CPU.Build.0 = Release|Any CPU
		{DAD7599D-8374-4BE5-96C2-D4ACB2817878}.Debug|Any CPU.ActiveCfg = Debug|Any CPU
		{DAD7599D-8374-4BE5-96C2-D4ACB2817878}.Debug|Any CPU.Build.0 = Debug|Any CPU
		{DAD7599D-8374-4BE5-96C2-D4ACB2817878}.Release|Any CPU.ActiveCfg = Release|Any CPU
		{DAD7599D-8374-4BE5-96C2-D4ACB2817878}.Release|Any CPU.Build.0 = Release|Any CPU
		{DBEDDA13-AEAA-48F8-821D-BAB9F9387844}.Debug|Any CPU.ActiveCfg = Debug|Any CPU
		{DBEDDA13-AEAA-48F8-821D-BAB9F9387844}.Debug|Any CPU.Build.0 = Debug|Any CPU
		{DBEDDA13-AEAA-48F8-821D-BAB9F9387844}.Release|Any CPU.ActiveCfg = Release|Any CPU
		{DBEDDA13-AEAA-48F8-821D-BAB9F9387844}.Release|Any CPU.Build.0 = Release|Any CPU
	EndGlobalSection
	GlobalSection(SolutionProperties) = preSolution
		HideSolutionNode = FALSE
	EndGlobalSection
	GlobalSection(ExtensibilityGlobals) = postSolution
		SolutionGuid = {DCA3E1A7-5481-4191-AC97-6E59F5257146}
	EndGlobalSection
EndGlobal
